
Microsoft Visual Studio Solution File, Format Version 12.00
# Visual Studio Version 16
VisualStudioVersion = 16.0.30104.148
MinimumVisualStudioVersion = 10.0.40219.1
Project("{FAE04EC0-301F-11D3-BF4B-00C04F79EFBC}") = "WindowsFormsApp2", "WindowsFormsApp2\WindowsFormsApp2.csproj", "{EAA3A3BB-73D6-4882-B5CC-D6E26FE33D26}"
EndProject
Project("{FAE04EC0-301F-11D3-BF4B-00C04F79EFBC}") = "Server", "Server\Server.csproj", "{E3178561-E6BF-466F-9C92-A634A05FDBA6}"
EndProject
Global
	GlobalSection(SolutionConfigurationPlatforms) = preSolution
		Debug|Any CPU = Debug|Any CPU
		Release|Any CPU = Release|Any CPU
	EndGlobalSection
	GlobalSection(ProjectConfigurationPlatforms) = postSolution
		{EAA3A3BB-73D6-4882-B5CC-D6E26FE33D26}.Debug|Any CPU.ActiveCfg = Debug|Any CPU
		{EAA3A3BB-73D6-4882-B5CC-D6E26FE33D26}.Debug|Any CPU.Build.0 = Debug|Any CPU
		{EAA3A3BB-73D6-4882-B5CC-D6E26FE33D26}.Release|Any CPU.ActiveCfg = Release|Any CPU
		{EAA3A3BB-73D6-4882-B5CC-D6E26FE33D26}.Release|Any CPU.Build.0 = Release|Any CPU
		{E3178561-E6BF-466F-9C92-A634A05FDBA6}.Debug|Any CPU.ActiveCfg = Debug|Any CPU
		{E3178561-E6BF-466F-9C92-A634A05FDBA6}.Debug|Any CPU.Build.0 = Debug|Any CPU
		{E3178561-E6BF-466F-9C92-A634A05FDBA6}.Release|Any CPU.ActiveCfg = Release|Any CPU
		{E3178561-E6BF-466F-9C92-A634A05FDBA6}.Release|Any CPU.Build.0 = Release|Any CPU
	EndGlobalSection
	GlobalSection(SolutionProperties) = preSolution
		HideSolutionNode = FALSE
	EndGlobalSection
	GlobalSection(ExtensibilityGlobals) = postSolution
		SolutionGuid = {F10BB69E-0D96-4651-97B0-D37D4E330F51}
	EndGlobalSection
EndGlobal
